
Microsoft Visual Studio Solution File, Format Version 12.00
# Visual Studio Version 17
VisualStudioVersion = 17.4.33020.496
MinimumVisualStudioVersion = 10.0.40219.1
Project("{9A19103F-16F7-4668-BE54-9A1E7A4F7556}") = "Database", "Database\Database.csproj", "{25284D60-B45E-4456-AC78-F974662541C8}"
EndProject
Project("{9A19103F-16F7-4668-BE54-9A1E7A4F7556}") = "ForkHierarchy.Core", "ForkHierarchy.Core\ForkHierarchy.Core.csproj", "{8DB0D9F6-F570-484E-BA1C-E649779A3E70}"
EndProject
Project("{9A19103F-16F7-4668-BE54-9A1E7A4F7556}") = "ForkHierarchy.Server", "ForkHierarchy\Server\ForkHierarchy.Server.csproj", "{77D685C9-3159-4A88-8034-0322764F4767}"
EndProject
Project("{9A19103F-16F7-4668-BE54-9A1E7A4F7556}") = "ForkHierarchy.Client", "ForkHierarchy\Client\ForkHierarchy.Client.csproj", "{E783EA95-A79D-4FA2-A9EE-8507C56D7DD8}"
EndProject
Project("{2150E333-8FDC-42A3-9474-1A3956D46DE8}") = "Solution Items", "Solution Items", "{1F1F7D22-89E3-48F6-866E-223E82D4DC80}"
	ProjectSection(SolutionItems) = preProject
		LICENSE = LICENSE
		README.md = README.md
	EndProjectSection
EndProject
Global
	GlobalSection(SolutionConfigurationPlatforms) = preSolution
		Debug|Any CPU = Debug|Any CPU
		Release|Any CPU = Release|Any CPU
	EndGlobalSection
	GlobalSection(ProjectConfigurationPlatforms) = postSolution
		{25284D60-B45E-4456-AC78-F974662541C8}.Debug|Any CPU.ActiveCfg = Debug|Any CPU
		{25284D60-B45E-4456-AC78-F974662541C8}.Debug|Any CPU.Build.0 = Debug|Any CPU
		{25284D60-B45E-4456-AC78-F974662541C8}.Release|Any CPU.ActiveCfg = Release|Any CPU
		{25284D60-B45E-4456-AC78-F974662541C8}.Release|Any CPU.Build.0 = Release|Any CPU
		{8DB0D9F6-F570-484E-BA1C-E649779A3E70}.Debug|Any CPU.ActiveCfg = Debug|Any CPU
		{8DB0D9F6-F570-484E-BA1C-E649779A3E70}.Debug|Any CPU.Build.0 = Debug|Any CPU
		{8DB0D9F6-F570-484E-BA1C-E649779A3E70}.Release|Any CPU.ActiveCfg = Release|Any CPU
		{8DB0D9F6-F570-484E-BA1C-E649779A3E70}.Release|Any CPU.Build.0 = Release|Any CPU
		{77D685C9-3159-4A88-8034-0322764F4767}.Debug|Any CPU.ActiveCfg = Debug|Any CPU
		{77D685C9-3159-4A88-8034-0322764F4767}.Debug|Any CPU.Build.0 = Debug|Any CPU
		{77D685C9-3159-4A88-8034-0322764F4767}.Release|Any CPU.ActiveCfg = Release|Any CPU
		{77D685C9-3159-4A88-8034-0322764F4767}.Release|Any CPU.Build.0 = Release|Any CPU
		{E783EA95-A79D-4FA2-A9EE-8507C56D7DD8}.Debug|Any CPU.ActiveCfg = Debug|Any CPU
		{E783EA95-A79D-4FA2-A9EE-8507C56D7DD8}.Debug|Any CPU.Build.0 = Debug|Any CPU
		{E783EA95-A79D-4FA2-A9EE-8507C56D7DD8}.Release|Any CPU.ActiveCfg = Release|Any CPU
		{E783EA95-A79D-4FA2-A9EE-8507C56D7DD8}.Release|Any CPU.Build.0 = Release|Any CPU
	EndGlobalSection
	GlobalSection(SolutionProperties) = preSolution
		HideSolutionNode = FALSE
	EndGlobalSection
	GlobalSection(ExtensibilityGlobals) = postSolution
		SolutionGuid = {7F8E60CD-D9A0-405C-87EE-CE7097084A62}
	EndGlobalSection
EndGlobal
